
Microsoft Visual Studio Solution File, Format Version 11.00
# Visual Studio 2010
Project("{FAE04EC0-301F-11D3-BF4B-00C04F79EFBC}") = "IISExpress.Automation", "IISExpress.Automation\IISExpress.Automation.csproj", "{99DA7529-2CB6-4F46-BC49-964B3D6F2E5B}"
EndProject
Project("{FAE04EC0-301F-11D3-BF4B-00C04F79EFBC}") = "IISExpress.Automation.Tests", "IISExpress.Automation.Tests\IISExpress.Automation.Tests.csproj", "{1DD37215-B84E-40DD-B8E0-7708AF377B55}"
EndProject
Global
	GlobalSection(SolutionConfigurationPlatforms) = preSolution
		Debug|Any CPU = Debug|Any CPU
		Release|Any CPU = Release|Any CPU
	EndGlobalSection
	GlobalSection(ProjectConfigurationPlatforms) = postSolution
		{99DA7529-2CB6-4F46-BC49-964B3D6F2E5B}.Debug|Any CPU.ActiveCfg = Debug|Any CPU
		{99DA7529-2CB6-4F46-BC49-964B3D6F2E5B}.Debug|Any CPU.Build.0 = Debug|Any CPU
		{99DA7529-2CB6-4F46-BC49-964B3D6F2E5B}.Release|Any CPU.ActiveCfg = Release|Any CPU
		{99DA7529-2CB6-4F46-BC49-964B3D6F2E5B}.Release|Any CPU.Build.0 = Release|Any CPU
		{1DD37215-B84E-40DD-B8E0-7708AF377B55}.Debug|Any CPU.ActiveCfg = Debug|Any CPU
		{1DD37215-B84E-40DD-B8E0-7708AF377B55}.Debug|Any CPU.Build.0 = Debug|Any CPU
		{1DD37215-B84E-40DD-B8E0-7708AF377B55}.Release|Any CPU.ActiveCfg = Release|Any CPU
		{1DD37215-B84E-40DD-B8E0-7708AF377B55}.Release|Any CPU.Build.0 = Release|Any CPU
	EndGlobalSection
	GlobalSection(SolutionProperties) = preSolution
		HideSolutionNode = FALSE
	EndGlobalSection
EndGlobal
